
Microsoft Visual Studio Solution File, Format Version 12.00
# Visual Studio 15
VisualStudioVersion = 15.0.26124.0
MinimumVisualStudioVersion = 15.0.26124.0
Project("{9A19103F-16F7-4668-BE54-9A1E7A4F7556}") = "IfcaIdentityServerHost", "IdentityServerHost\IfcaIdentityServerHost.csproj", "{74118EF7-64BE-4484-B5FF-677C71EC9376}"
EndProject
Project("{2150E333-8FDC-42A3-9474-1A3956D46DE8}") = "TestCase", "TestCase", "{43DF9A93-D394-412B-AC1F-1746EF1BD08D}"
EndProject
Project("{2150E333-8FDC-42A3-9474-1A3956D46DE8}") = "TestApiResource", "TestApiResource", "{28D08403-5201-4757-B7EA-2D62BDD00FD2}"
EndProject
Project("{9A19103F-16F7-4668-BE54-9A1E7A4F7556}") = "Api", "TestCase\TestApiResource\Api\Api.csproj", "{950A5274-7457-41EE-A016-ACCE0A20A606}"
EndProject
Project("{9A19103F-16F7-4668-BE54-9A1E7A4F7556}") = "Api2", "TestCase\TestApiResource\Api2\Api2.csproj", "{AC660EFD-3F46-4A20-9095-8F2304947E56}"
EndProject
Project("{2150E333-8FDC-42A3-9474-1A3956D46DE8}") = "Client", "Client", "{B408BD5D-DC7E-4D34-AF27-B27D8E9F57E5}"
EndProject
Project("{2150E333-8FDC-42A3-9474-1A3956D46DE8}") = "AbpTest", "AbpTest", "{8C714B14-AFFF-4262-AF08-A884D10A1728}"
EndProject
Project("{9A19103F-16F7-4668-BE54-9A1E7A4F7556}") = "MvcClient", "TestCase\Client\MvcClient\MvcClient.csproj", "{E34580E7-7EA4-4F1B-AA10-740BA9D06528}"
EndProject
Project("{9A19103F-16F7-4668-BE54-9A1E7A4F7556}") = "JavaScriptClient", "TestCase\Client\JavaScriptClient\JavaScriptClient.csproj", "{F81E3E2A-B54E-44F8-8259-5E8FE15BA370}"
EndProject
Project("{9A19103F-16F7-4668-BE54-9A1E7A4F7556}") = "ResourceOwnerClient", "TestCase\Client\ResourceOwnerClient\ResourceOwnerClient.csproj", "{98570BB4-BDD8-4A50-BDE7-3D494620A97B}"
EndProject
Project("{2150E333-8FDC-42A3-9474-1A3956D46DE8}") = "IdentityServer4OriginalTestModule", "IdentityServer4OriginalTestModule", "{6723AE7C-98B0-4B6C-83DE-9FEFD04EDC56}"
EndProject
Project("{2150E333-8FDC-42A3-9474-1A3956D46DE8}") = "CustomerIdentity", "CustomerIdentity", "{6ADF1F3A-07F9-4BFD-9F81-3DB8C134E687}"
EndProject
Project("{2150E333-8FDC-42A3-9474-1A3956D46DE8}") = "src", "src", "{BD8BA25C-A91D-419D-99B6-B575ADD6D061}"
EndProject
Project("{9A19103F-16F7-4668-BE54-9A1E7A4F7556}") = "IdentityServer", "TestCase\IdentityServer4OriginalTestModule\CustomerIdentity\src\IdentityServer\IdentityServer.csproj", "{79D1F107-F3AF-4A93-BF5D-49EF6A46E50E}"
EndProject
Project("{9A19103F-16F7-4668-BE54-9A1E7A4F7556}") = "Api", "TestCase\IdentityServer4OriginalTestModule\CustomerIdentity\src\Api\Api.csproj", "{08C496D7-9A83-4B2B-A7E4-74A283034313}"
EndProject
Project("{9A19103F-16F7-4668-BE54-9A1E7A4F7556}") = "Client", "TestCase\IdentityServer4OriginalTestModule\CustomerIdentity\src\Client\Client.csproj", "{75DFCDE7-D439-45D1-A1ED-2FB6C535F2DF}"
EndProject
Project("{9A19103F-16F7-4668-BE54-9A1E7A4F7556}") = "ResourceOwnerClient", "TestCase\IdentityServer4OriginalTestModule\CustomerIdentity\src\ResourceOwnerClient\ResourceOwnerClient.csproj", "{D72F01C7-9F5E-4492-864F-1E7667439B83}"
EndProject
Project("{9A19103F-16F7-4668-BE54-9A1E7A4F7556}") = "MvcClient", "TestCase\IdentityServer4OriginalTestModule\CustomerIdentity\src\MvcClient\MvcClient.csproj", "{103A1CFB-453A-4461-8757-959236C7FE28}"
EndProject
Project("{9A19103F-16F7-4668-BE54-9A1E7A4F7556}") = "JavaScriptClient", "TestCase\IdentityServer4OriginalTestModule\CustomerIdentity\src\JavaScriptClient\JavaScriptClient.csproj", "{023C35A3-5736-41D7-AD28-08C2636257AC}"
EndProject
Project("{9A19103F-16F7-4668-BE54-9A1E7A4F7556}") = "Api2", "TestCase\IdentityServer4OriginalTestModule\CustomerIdentity\src\Api2\Api2.csproj", "{77E98D93-ED6A-4CEA-AB27-C85904B238D0}"
EndProject
Project("{2150E333-8FDC-42A3-9474-1A3956D46DE8}") = "Modules", "Modules", "{788660EF-CD27-44F6-8227-57D27293B062}"
EndProject
Global
	GlobalSection(SolutionConfigurationPlatforms) = preSolution
		Debug|Any CPU = Debug|Any CPU
		Debug|x64 = Debug|x64
		Debug|x86 = Debug|x86
		Release|Any CPU = Release|Any CPU
		Release|x64 = Release|x64
		Release|x86 = Release|x86
	EndGlobalSection
	GlobalSection(ProjectConfigurationPlatforms) = postSolution
		{74118EF7-64BE-4484-B5FF-677C71EC9376}.Debug|Any CPU.ActiveCfg = Debug|Any CPU
		{74118EF7-64BE-4484-B5FF-677C71EC9376}.Debug|Any CPU.Build.0 = Debug|Any CPU
		{74118EF7-64BE-4484-B5FF-677C71EC9376}.Debug|x64.ActiveCfg = Debug|Any CPU
		{74118EF7-64BE-4484-B5FF-677C71EC9376}.Debug|x64.Build.0 = Debug|Any CPU
		{74118EF7-64BE-4484-B5FF-677C71EC9376}.Debug|x86.ActiveCfg = Debug|Any CPU
		{74118EF7-64BE-4484-B5FF-677C71EC9376}.Debug|x86.Build.0 = Debug|Any CPU
		{74118EF7-64BE-4484-B5FF-677C71EC9376}.Release|Any CPU.ActiveCfg = Release|Any CPU
		{74118EF7-64BE-4484-B5FF-677C71EC9376}.Release|Any CPU.Build.0 = Release|Any CPU
		{74118EF7-64BE-4484-B5FF-677C71EC9376}.Release|x64.ActiveCfg = Release|Any CPU
		{74118EF7-64BE-4484-B5FF-677C71EC9376}.Release|x64.Build.0 = Release|Any CPU
		{74118EF7-64BE-4484-B5FF-677C71EC9376}.Release|x86.ActiveCfg = Release|Any CPU
		{74118EF7-64BE-4484-B5FF-677C71EC9376}.Release|x86.Build.0 = Release|Any CPU
		{950A5274-7457-41EE-A016-ACCE0A20A606}.Debug|Any CPU.ActiveCfg = Debug|Any CPU
		{950A5274-7457-41EE-A016-ACCE0A20A606}.Debug|Any CPU.Build.0 = Debug|Any CPU
		{950A5274-7457-41EE-A016-ACCE0A20A606}.Debug|x64.ActiveCfg = Debug|Any CPU
		{950A5274-7457-41EE-A016-ACCE0A20A606}.Debug|x64.Build.0 = Debug|Any CPU
		{950A5274-7457-41EE-A016-ACCE0A20A606}.Debug|x86.ActiveCfg = Debug|Any CPU
		{950A5274-7457-41EE-A016-ACCE0A20A606}.Debug|x86.Build.0 = Debug|Any CPU
		{950A5274-7457-41EE-A016-ACCE0A20A606}.Release|Any CPU.ActiveCfg = Release|Any CPU
		{950A5274-7457-41EE-A016-ACCE0A20A606}.Release|Any CPU.Build.0 = Release|Any CPU
		{950A5274-7457-41EE-A016-ACCE0A20A606}.Release|x64.ActiveCfg = Release|Any CPU
		{950A5274-7457-41EE-A016-ACCE0A20A606}.Release|x64.Build.0 = Release|Any CPU
		{950A5274-7457-41EE-A016-ACCE0A20A606}.Release|x86.ActiveCfg = Release|Any CPU
		{950A5274-7457-41EE-A016-ACCE0A20A606}.Release|x86.Build.0 = Release|Any CPU
		{AC660EFD-3F46-4A20-9095-8F2304947E56}.Debug|Any CPU.ActiveCfg = Debug|Any CPU
		{AC660EFD-3F46-4A20-9095-8F2304947E56}.Debug|Any CPU.Build.0 = Debug|Any CPU
		{AC660EFD-3F46-4A20-9095-8F2304947E56}.Debug|x64.ActiveCfg = Debug|Any CPU
		{AC660EFD-3F46-4A20-9095-8F2304947E56}.Debug|x64.Build.0 = Debug|Any CPU
		{AC660EFD-3F46-4A20-9095-8F2304947E56}.Debug|x86.ActiveCfg = Debug|Any CPU
		{AC660EFD-3F46-4A20-9095-8F2304947E56}.Debug|x86.Build.0 = Debug|Any CPU
		{AC660EFD-3F46-4A20-9095-8F2304947E56}.Release|Any CPU.ActiveCfg = Release|Any CPU
		{AC660EFD-3F46-4A20-9095-8F2304947E56}.Release|Any CPU.Build.0 = Release|Any CPU
		{AC660EFD-3F46-4A20-9095-8F2304947E56}.Release|x64.ActiveCfg = Release|Any CPU
		{AC660EFD-3F46-4A20-9095-8F2304947E56}.Release|x64.Build.0 = Release|Any CPU
		{AC660EFD-3F46-4A20-9095-8F2304947E56}.Release|x86.ActiveCfg = Release|Any CPU
		{AC660EFD-3F46-4A20-9095-8F2304947E56}.Release|x86.Build.0 = Release|Any CPU
		{E34580E7-7EA4-4F1B-AA10-740BA9D06528}.Debug|Any CPU.ActiveCfg = Debug|Any CPU
		{E34580E7-7EA4-4F1B-AA10-740BA9D06528}.Debug|Any CPU.Build.0 = Debug|Any CPU
		{E34580E7-7EA4-4F1B-AA10-740BA9D06528}.Debug|x64.ActiveCfg = Debug|Any CPU
		{E34580E7-7EA4-4F1B-AA10-740BA9D06528}.Debug|x64.Build.0 = Debug|Any CPU
		{E34580E7-7EA4-4F1B-AA10-740BA9D06528}.Debug|x86.ActiveCfg = Debug|Any CPU
		{E34580E7-7EA4-4F1B-AA10-740BA9D06528}.Debug|x86.Build.0 = Debug|Any CPU
		{E34580E7-7EA4-4F1B-AA10-740BA9D06528}.Release|Any CPU.ActiveCfg = Release|Any CPU
		{E34580E7-7EA4-4F1B-AA10-740BA9D06528}.Release|Any CPU.Build.0 = Release|Any CPU
		{E34580E7-7EA4-4F1B-AA10-740BA9D06528}.Release|x64.ActiveCfg = Release|Any CPU
		{E34580E7-7EA4-4F1B-AA10-740BA9D06528}.Release|x64.Build.0 = Release|Any CPU
		{E34580E7-7EA4-4F1B-AA10-740BA9D06528}.Release|x86.ActiveCfg = Release|Any CPU
		{E34580E7-7EA4-4F1B-AA10-740BA9D06528}.Release|x86.Build.0 = Release|Any CPU
		{F81E3E2A-B54E-44F8-8259-5E8FE15BA370}.Debug|Any CPU.ActiveCfg = Debug|Any CPU
		{F81E3E2A-B54E-44F8-8259-5E8FE15BA370}.Debug|Any CPU.Build.0 = Debug|Any CPU
		{F81E3E2A-B54E-44F8-8259-5E8FE15BA370}.Debug|x64.ActiveCfg = Debug|Any CPU
		{F81E3E2A-B54E-44F8-8259-5E8FE15BA370}.Debug|x64.Build.0 = Debug|Any CPU
		{F81E3E2A-B54E-44F8-8259-5E8FE15BA370}.Debug|x86.ActiveCfg = Debug|Any CPU
		{F81E3E2A-B54E-44F8-8259-5E8FE15BA370}.Debug|x86.Build.0 = Debug|Any CPU
		{F81E3E2A-B54E-44F8-8259-5E8FE15BA370}.Release|Any CPU.ActiveCfg = Release|Any CPU
		{F81E3E2A-B54E-44F8-8259-5E8FE15BA370}.Release|Any CPU.Build.0 = Release|Any CPU
		{F81E3E2A-B54E-44F8-8259-5E8FE15BA370}.Release|x64.ActiveCfg = Release|Any CPU
		{F81E3E2A-B54E-44F8-8259-5E8FE15BA370}.Release|x64.Build.0 = Release|Any CPU
		{F81E3E2A-B54E-44F8-8259-5E8FE15BA370}.Release|x86.ActiveCfg = Release|Any CPU
		{F81E3E2A-B54E-44F8-8259-5E8FE15BA370}.Release|x86.Build.0 = Release|Any CPU
		{98570BB4-BDD8-4A50-BDE7-3D494620A97B}.Debug|Any CPU.ActiveCfg = Debug|Any CPU
		{98570BB4-BDD8-4A50-BDE7-3D494620A97B}.Debug|Any CPU.Build.0 = Debug|Any CPU
		{98570BB4-BDD8-4A50-BDE7-3D494620A97B}.Debug|x64.ActiveCfg = Debug|Any CPU
		{98570BB4-BDD8-4A50-BDE7-3D494620A97B}.Debug|x64.Build.0 = Debug|Any CPU
		{98570BB4-BDD8-4A50-BDE7-3D494620A97B}.Debug|x86.ActiveCfg = Debug|Any CPU
		{98570BB4-BDD8-4A50-BDE7-3D494620A97B}.Debug|x86.Build.0 = Debug|Any CPU
		{98570BB4-BDD8-4A50-BDE7-3D494620A97B}.Release|Any CPU.ActiveCfg = Release|Any CPU
		{98570BB4-BDD8-4A50-BDE7-3D494620A97B}.Release|Any CPU.Build.0 = Release|Any CPU
		{98570BB4-BDD8-4A50-BDE7-3D494620A97B}.Release|x64.ActiveCfg = Release|Any CPU
		{98570BB4-BDD8-4A50-BDE7-3D494620A97B}.Release|x64.Build.0 = Release|Any CPU
		{98570BB4-BDD8-4A50-BDE7-3D494620A97B}.Release|x86.ActiveCfg = Release|Any CPU
		{98570BB4-BDD8-4A50-BDE7-3D494620A97B}.Release|x86.Build.0 = Release|Any CPU
		{79D1F107-F3AF-4A93-BF5D-49EF6A46E50E}.Debug|Any CPU.ActiveCfg = Debug|Any CPU
		{79D1F107-F3AF-4A93-BF5D-49EF6A46E50E}.Debug|Any CPU.Build.0 = Debug|Any CPU
		{79D1F107-F3AF-4A93-BF5D-49EF6A46E50E}.Debug|x64.ActiveCfg = Debug|Any CPU
		{79D1F107-F3AF-4A93-BF5D-49EF6A46E50E}.Debug|x64.Build.0 = Debug|Any CPU
		{79D1F107-F3AF-4A93-BF5D-49EF6A46E50E}.Debug|x86.ActiveCfg = Debug|Any CPU
		{79D1F107-F3AF-4A93-BF5D-49EF6A46E50E}.Debug|x86.Build.0 = Debug|Any CPU
		{79D1F107-F3AF-4A93-BF5D-49EF6A46E50E}.Release|Any CPU.ActiveCfg = Release|Any CPU
		{79D1F107-F3AF-4A93-BF5D-49EF6A46E50E}.Release|Any CPU.Build.0 = Release|Any CPU
		{79D1F107-F3AF-4A93-BF5D-49EF6A46E50E}.Release|x64.ActiveCfg = Release|Any CPU
		{79D1F107-F3AF-4A93-BF5D-49EF6A46E50E}.Release|x64.Build.0 = Release|Any CPU
		{79D1F107-F3AF-4A93-BF5D-49EF6A46E50E}.Release|x86.ActiveCfg = Release|Any CPU
		{79D1F107-F3AF-4A93-BF5D-49EF6A46E50E}.Release|x86.Build.0 = Release|Any CPU
		{08C496D7-9A83-4B2B-A7E4-74A283034313}.Debug|Any CPU.ActiveCfg = Debug|Any CPU
		{08C496D7-9A83-4B2B-A7E4-74A283034313}.Debug|Any CPU.Build.0 = Debug|Any CPU
		{08C496D7-9A83-4B2B-A7E4-74A283034313}.Debug|x64.ActiveCfg = Debug|Any CPU
		{08C496D7-9A83-4B2B-A7E4-74A283034313}.Debug|x64.Build.0 = Debug|Any CPU
		{08C496D7-9A83-4B2B-A7E4-74A283034313}.Debug|x86.ActiveCfg = Debug|Any CPU
		{08C496D7-9A83-4B2B-A7E4-74A283034313}.Debug|x86.Build.0 = Debug|Any CPU
		{08C496D7-9A83-4B2B-A7E4-74A283034313}.Release|Any CPU.ActiveCfg = Release|Any CPU
		{08C496D7-9A83-4B2B-A7E4-74A283034313}.Release|Any CPU.Build.0 = Release|Any CPU
		{08C496D7-9A83-4B2B-A7E4-74A283034313}.Release|x64.ActiveCfg = Release|Any CPU
		{08C496D7-9A83-4B2B-A7E4-74A283034313}.Release|x64.Build.0 = Release|Any CPU
		{08C496D7-9A83-4B2B-A7E4-74A283034313}.Release|x86.ActiveCfg = Release|Any CPU
		{08C496D7-9A83-4B2B-A7E4-74A283034313}.Release|x86.Build.0 = Release|Any CPU
		{75DFCDE7-D439-45D1-A1ED-2FB6C535F2DF}.Debug|Any CPU.ActiveCfg = Debug|Any CPU
		{75DFCDE7-D439-45D1-A1ED-2FB6C535F2DF}.Debug|Any CPU.Build.0 = Debug|Any CPU
		{75DFCDE7-D439-45D1-A1ED-2FB6C535F2DF}.Debug|x64.ActiveCfg = Debug|Any CPU
		{75DFCDE7-D439-45D1-A1ED-2FB6C535F2DF}.Debug|x64.Build.0 = Debug|Any CPU
		{75DFCDE7-D439-45D1-A1ED-2FB6C535F2DF}.Debug|x86.ActiveCfg = Debug|Any CPU
		{75DFCDE7-D439-45D1-A1ED-2FB6C535F2DF}.Debug|x86.Build.0 = Debug|Any CPU
		{75DFCDE7-D439-45D1-A1ED-2FB6C535F2DF}.Release|Any CPU.ActiveCfg = Release|Any CPU
		{75DFCDE7-D439-45D1-A1ED-2FB6C535F2DF}.Release|Any CPU.Build.0 = Release|Any CPU
		{75DFCDE7-D439-45D1-A1ED-2FB6C535F2DF}.Release|x64.ActiveCfg = Release|Any CPU
		{75DFCDE7-D439-45D1-A1ED-2FB6C535F2DF}.Release|x64.Build.0 = Release|Any CPU
		{75DFCDE7-D439-45D1-A1ED-2FB6C535F2DF}.Release|x86.ActiveCfg = Release|Any CPU
		{75DFCDE7-D439-45D1-A1ED-2FB6C535F2DF}.Release|x86.Build.0 = Release|Any CPU
		{D72F01C7-9F5E-4492-864F-1E7667439B83}.Debug|Any CPU.ActiveCfg = Debug|Any CPU
		{D72F01C7-9F5E-4492-864F-1E7667439B83}.Debug|Any CPU.Build.0 = Debug|Any CPU
		{D72F01C7-9F5E-4492-864F-1E7667439B83}.Debug|x64.ActiveCfg = Debug|Any CPU
		{D72F01C7-9F5E-4492-864F-1E7667439B83}.Debug|x64.Build.0 = Debug|Any CPU
		{D72F01C7-9F5E-4492-864F-1E7667439B83}.Debug|x86.ActiveCfg = Debug|Any CPU
		{D72F01C7-9F5E-4492-864F-1E7667439B83}.Debug|x86.Build.0 = Debug|Any CPU
		{D72F01C7-9F5E-4492-864F-1E7667439B83}.Release|Any CPU.ActiveCfg = Release|Any CPU
		{D72F01C7-9F5E-4492-864F-1E7667439B83}.Release|Any CPU.Build.0 = Release|Any CPU
		{D72F01C7-9F5E-4492-864F-1E7667439B83}.Release|x64.ActiveCfg = Release|Any CPU
		{D72F01C7-9F5E-4492-864F-1E7667439B83}.Release|x64.Build.0 = Release|Any CPU
		{D72F01C7-9F5E-4492-864F-1E7667439B83}.Release|x86.ActiveCfg = Release|Any CPU
		{D72F01C7-9F5E-4492-864F-1E7667439B83}.Release|x86.Build.0 = Release|Any CPU
		{103A1CFB-453A-4461-8757-959236C7FE28}.Debug|Any CPU.ActiveCfg = Debug|Any CPU
		{103A1CFB-453A-4461-8757-959236C7FE28}.Debug|Any CPU.Build.0 = Debug|Any CPU
		{103A1CFB-453A-4461-8757-959236C7FE28}.Debug|x64.ActiveCfg = Debug|Any CPU
		{103A1CFB-453A-4461-8757-959236C7FE28}.Debug|x64.Build.0 = Debug|Any CPU
		{103A1CFB-453A-4461-8757-959236C7FE28}.Debug|x86.ActiveCfg = Debug|Any CPU
		{103A1CFB-453A-4461-8757-959236C7FE28}.Debug|x86.Build.0 = Debug|Any CPU
		{103A1CFB-453A-4461-8757-959236C7FE28}.Release|Any CPU.ActiveCfg = Release|Any CPU
		{103A1CFB-453A-4461-8757-959236C7FE28}.Release|Any CPU.Build.0 = Release|Any CPU
		{103A1CFB-453A-4461-8757-959236C7FE28}.Release|x64.ActiveCfg = Release|Any CPU
		{103A1CFB-453A-4461-8757-959236C7FE28}.Release|x64.Build.0 = Release|Any CPU
		{103A1CFB-453A-4461-8757-959236C7FE28}.Release|x86.ActiveCfg = Release|Any CPU
		{103A1CFB-453A-4461-8757-959236C7FE28}.Release|x86.Build.0 = Release|Any CPU
		{023C35A3-5736-41D7-AD28-08C2636257AC}.Debug|Any CPU.ActiveCfg = Debug|Any CPU
		{023C35A3-5736-41D7-AD28-08C2636257AC}.Debug|Any CPU.Build.0 = Debug|Any CPU
		{023C35A3-5736-41D7-AD28-08C2636257AC}.Debug|x64.ActiveCfg = Debug|Any CPU
		{023C35A3-5736-41D7-AD28-08C2636257AC}.Debug|x64.Build.0 = Debug|Any CPU
		{023C35A3-5736-41D7-AD28-08C2636257AC}.Debug|x86.ActiveCfg = Debug|Any CPU
		{023C35A3-5736-41D7-AD28-08C2636257AC}.Debug|x86.Build.0 = Debug|Any CPU
		{023C35A3-5736-41D7-AD28-08C2636257AC}.Release|Any CPU.ActiveCfg = Release|Any CPU
		{023C35A3-5736-41D7-AD28-08C2636257AC}.Release|Any CPU.Build.0 = Release|Any CPU
		{023C35A3-5736-41D7-AD28-08C2636257AC}.Release|x64.ActiveCfg = Release|Any CPU
		{023C35A3-5736-41D7-AD28-08C2636257AC}.Release|x64.Build.0 = Release|Any CPU
		{023C35A3-5736-41D7-AD28-08C2636257AC}.Release|x86.ActiveCfg = Release|Any CPU
		{023C35A3-5736-41D7-AD28-08C2636257AC}.Release|x86.Build.0 = Release|Any CPU
		{77E98D93-ED6A-4CEA-AB27-C85904B238D0}.Debug|Any CPU.ActiveCfg = Debug|Any CPU
		{77E98D93-ED6A-4CEA-AB27-C85904B238D0}.Debug|Any CPU.Build.0 = Debug|Any CPU
		{77E98D93-ED6A-4CEA-AB27-C85904B238D0}.Debug|x64.ActiveCfg = Debug|Any CPU
		{77E98D93-ED6A-4CEA-AB27-C85904B238D0}.Debug|x64.Build.0 = Debug|Any CPU
		{77E98D93-ED6A-4CEA-AB27-C85904B238D0}.Debug|x86.ActiveCfg = Debug|Any CPU
		{77E98D93-ED6A-4CEA-AB27-C85904B238D0}.Debug|x86.Build.0 = Debug|Any CPU
		{77E98D93-ED6A-4CEA-AB27-C85904B238D0}.Release|Any CPU.ActiveCfg = Release|Any CPU
		{77E98D93-ED6A-4CEA-AB27-C85904B238D0}.Release|Any CPU.Build.0 = Release|Any CPU
		{77E98D93-ED6A-4CEA-AB27-C85904B238D0}.Release|x64.ActiveCfg = Release|Any CPU
		{77E98D93-ED6A-4CEA-AB27-C85904B238D0}.Release|x64.Build.0 = Release|Any CPU
		{77E98D93-ED6A-4CEA-AB27-C85904B238D0}.Release|x86.ActiveCfg = Release|Any CPU
		{77E98D93-ED6A-4CEA-AB27-C85904B238D0}.Release|x86.Build.0 = Release|Any CPU
	EndGlobalSection
	GlobalSection(SolutionProperties) = preSolution
		HideSolutionNode = FALSE
	EndGlobalSection
	GlobalSection(NestedProjects) = preSolution
		{28D08403-5201-4757-B7EA-2D62BDD00FD2} = {43DF9A93-D394-412B-AC1F-1746EF1BD08D}
		{950A5274-7457-41EE-A016-ACCE0A20A606} = {28D08403-5201-4757-B7EA-2D62BDD00FD2}
		{AC660EFD-3F46-4A20-9095-8F2304947E56} = {28D08403-5201-4757-B7EA-2D62BDD00FD2}
		{B408BD5D-DC7E-4D34-AF27-B27D8E9F57E5} = {43DF9A93-D394-412B-AC1F-1746EF1BD08D}
		{8C714B14-AFFF-4262-AF08-A884D10A1728} = {43DF9A93-D394-412B-AC1F-1746EF1BD08D}
		{E34580E7-7EA4-4F1B-AA10-740BA9D06528} = {B408BD5D-DC7E-4D34-AF27-B27D8E9F57E5}
		{F81E3E2A-B54E-44F8-8259-5E8FE15BA370} = {B408BD5D-DC7E-4D34-AF27-B27D8E9F57E5}
		{98570BB4-BDD8-4A50-BDE7-3D494620A97B} = {B408BD5D-DC7E-4D34-AF27-B27D8E9F57E5}
		{6723AE7C-98B0-4B6C-83DE-9FEFD04EDC56} = {43DF9A93-D394-412B-AC1F-1746EF1BD08D}
		{6ADF1F3A-07F9-4BFD-9F81-3DB8C134E687} = {6723AE7C-98B0-4B6C-83DE-9FEFD04EDC56}
		{BD8BA25C-A91D-419D-99B6-B575ADD6D061} = {6ADF1F3A-07F9-4BFD-9F81-3DB8C134E687}
		{79D1F107-F3AF-4A93-BF5D-49EF6A46E50E} = {BD8BA25C-A91D-419D-99B6-B575ADD6D061}
		{08C496D7-9A83-4B2B-A7E4-74A283034313} = {BD8BA25C-A91D-419D-99B6-B575ADD6D061}
		{75DFCDE7-D439-45D1-A1ED-2FB6C535F2DF} = {BD8BA25C-A91D-419D-99B6-B575ADD6D061}
		{D72F01C7-9F5E-4492-864F-1E7667439B83} = {BD8BA25C-A91D-419D-99B6-B575ADD6D061}
		{103A1CFB-453A-4461-8757-959236C7FE28} = {BD8BA25C-A91D-419D-99B6-B575ADD6D061}
		{023C35A3-5736-41D7-AD28-08C2636257AC} = {BD8BA25C-A91D-419D-99B6-B575ADD6D061}
		{77E98D93-ED6A-4CEA-AB27-C85904B238D0} = {BD8BA25C-A91D-419D-99B6-B575ADD6D061}
	EndGlobalSection
	GlobalSection(ExtensibilityGlobals) = postSolution
		SolutionGuid = {84D5AF06-1243-46F1-9D58-70ED572832C3}
	EndGlobalSection
EndGlobal
